
Microsoft Visual Studio Solution File, Format Version 12.00
# Visual Studio Version 16
VisualStudioVersion = 16.0.30503.244
MinimumVisualStudioVersion = 10.0.40219.1
Project("{FAE04EC0-301F-11D3-BF4B-00C04F79EFBC}") = "ConsoleTextEditor", "ConsoleTextEditor\ConsoleTextEditor.csproj", "{4CD31AD2-0693-4365-AB82-FAE5F73E7392}"
EndProject
Global
	GlobalSection(SolutionConfigurationPlatforms) = preSolution
		Debug|Any CPU = Debug|Any CPU
		Release|Any CPU = Release|Any CPU
	EndGlobalSection
	GlobalSection(ProjectConfigurationPlatforms) = postSolution
		{4CD31AD2-0693-4365-AB82-FAE5F73E7392}.Debug|Any CPU.ActiveCfg = Debug|Any CPU
		{4CD31AD2-0693-4365-AB82-FAE5F73E7392}.Debug|Any CPU.Build.0 = Debug|Any CPU
		{4CD31AD2-0693-4365-AB82-FAE5F73E7392}.Release|Any CPU.ActiveCfg = Release|Any CPU
		{4CD31AD2-0693-4365-AB82-FAE5F73E7392}.Release|Any CPU.Build.0 = Release|Any CPU
	EndGlobalSection
	GlobalSection(SolutionProperties) = preSolution
		HideSolutionNode = FALSE
	EndGlobalSection
	GlobalSection(ExtensibilityGlobals) = postSolution
		SolutionGuid = {850F8A96-9519-471E-AB2A-A93DE9E304E1}
	EndGlobalSection
EndGlobal
